dependencies:
- name: postgresql
  repository: https://charts.bitnami.com/bitnami
  version: 18.0.16
- name: redis
  repository: oci://registry-1.docker.io/cloudpirates
  version: 0.9.0
- name: qdrant
  repository: https://qdrant.github.io/qdrant-helm
  version: 1.15.4
digest: sha256:3f03d519d2d871307de97c078fe99d1263bba03111451f601eeac72311a5eb4c
generated: "2025-10-18T18:30:58.239899-07:00"
