dependencies:
- name: postgresql
  repository: https://charts.bitnami.com/bitnami
  version: 18.0.16
- name: redis
  repository: https://charts.bitnami.com/bitnami
  version: 23.1.1
- name: qdrant
  repository: https://qdrant.github.io/qdrant-helm
  version: 1.15.4
digest: sha256:9c1f7521ee359dd1466b3abf47d3c1931ab2fce1a07d49da4091fc1919752a84
generated: "2025-10-18T18:20:06.395959-07:00"
